<Solution>
  <Folder Name="/src/">
    <Project Path="src/ZeroRfid.Core/ZeroRfid.Core.csproj" />
    <Project Path="src/ZeroRfid.Adapters.Abstractions/ZeroRfid.Adapters.Abstractions.csproj" />
    <Project Path="src/ZeroRfid.Pipeline/ZeroRfid.Pipeline.csproj" />
    <Project Path="src/ZeroRfid.Simulator/ZeroRfid.Simulator.csproj" />
  </Folder>
  <Folder Name="/tests/">
    <Project Path="tests/ZeroRfid.Tests/ZeroRfid.Tests.csproj" />
  </Folder>
</Solution>
